
Microsoft Visual Studio Solution File, Format Version 10.00
# Visual Studio 2008
Project("{8BC9CEB8-8B4A-11D0-8D11-00A0C91BC942}") = "ArcObjectsScript", "ArcObjectsScript\ArcObjectsScript.vcproj", "{9B62966A-18D9-4D09-8737-6DD4E093D913}"
EndProject
Global
	GlobalSection(SolutionConfigurationPlatforms) = preSolution
		Debug|Win32 = Debug|Win32
		Release|Win32 = Release|Win32
	EndGlobalSection
	GlobalSection(ProjectConfigurationPlatforms) = postSolution
		{9B62966A-18D9-4D09-8737-6DD4E093D913}.Debug|Win32.ActiveCfg = Debug|Win32
		{9B62966A-18D9-4D09-8737-6DD4E093D913}.Debug|Win32.Build.0 = Debug|Win32
		{9B62966A-18D9-4D09-8737-6DD4E093D913}.Release|Win32.ActiveCfg = Release|Win32
		{9B62966A-18D9-4D09-8737-6DD4E093D913}.Release|Win32.Build.0 = Release|Win32
	EndGlobalSection
	GlobalSection(SolutionProperties) = preSolution
		HideSolutionNode = FALSE
	EndGlobalSection
EndGlobal
